
Microsoft Visual Studio Solution File, Format Version 12.00
# Visual Studio Version 16
VisualStudioVersion = 16.0.29230.47
MinimumVisualStudioVersion = 10.0.40219.1
Project("{888888A0-9F3D-457C-B088-3A5042F75D52}") = "ZivyonProject", "ZivyonProject.pyproj", "{249EFE1C-30B8-4A0C-A060-C3728A55E901}"
EndProject
Global
	GlobalSection(SolutionConfigurationPlatforms) = preSolution
		Debug|Any CPU = Debug|Any CPU
		Release|Any CPU = Release|Any CPU
	EndGlobalSection
	GlobalSection(ProjectConfigurationPlatforms) = postSolution
		{249EFE1C-30B8-4A0C-A060-C3728A55E901}.Debug|Any CPU.ActiveCfg = Debug|Any CPU
		{249EFE1C-30B8-4A0C-A060-C3728A55E901}.Debug|Any CPU.Build.0 = Debug|Any CPU
		{249EFE1C-30B8-4A0C-A060-C3728A55E901}.Release|Any CPU.ActiveCfg = Release|Any CPU
		{249EFE1C-30B8-4A0C-A060-C3728A55E901}.Release|Any CPU.Build.0 = Release|Any CPU
	EndGlobalSection
	GlobalSection(SolutionProperties) = preSolution
		HideSolutionNode = FALSE
	EndGlobalSection
	GlobalSection(ExtensibilityGlobals) = postSolution
		SolutionGuid = {7A653F0C-5123-4F15-98B6-32FEAB6D7588}
	EndGlobalSection
EndGlobal
